
Microsoft Visual Studio Solution File, Format Version 12.00
# Visual Studio Version 17
VisualStudioVersion = 17.0.31903.59
MinimumVisualStudioVersion = 10.0.40219.1
Project("{2150E333-8FDC-42A3-9474-1A3956D46DE8}") = "Projections", "Projections", "{D677B45E-246A-9DFA-8538-DA0DA0BB237B}"
EndProject
Project("{FAE04EC0-301F-11D3-BF4B-00C04F79EFBC}") = "Troolio.Projection.EntityFramework", "Projections\Troolio.Projection.EntityFramework\Troolio.Projection.EntityFramework.csproj", "{073B9028-4484-4F1E-9862-35EB7ECCAE53}"
EndProject
Project("{2150E333-8FDC-42A3-9474-1A3956D46DE8}") = "Sample", "Sample", "{4F9DEAE5-078F-E77A-2E4A-FEB6FFE226FF}"
EndProject
Project("{FAE04EC0-301F-11D3-BF4B-00C04F79EFBC}") = "Calculator", "Sample\Calculator\Calculator.csproj", "{403B30FA-1369-48D8-96E9-563EED0DDF6C}"
EndProject
Project("{FAE04EC0-301F-11D3-BF4B-00C04F79EFBC}") = "MartenCounter", "Sample\MartenCounter\MartenCounter.csproj", "{D765B415-9806-4EB8-AA23-D234C7F7A710}"
EndProject
Project("{FAE04EC0-301F-11D3-BF4B-00C04F79EFBC}") = "RedisReadModels", "Sample\RedisReadModels\RedisReadModels.csproj", "{1C48530D-C4CA-430A-8237-24BA96E6969D}"
EndProject
Project("{2150E333-8FDC-42A3-9474-1A3956D46DE8}") = "ShoppingListSample", "ShoppingListSample", "{D3006278-A26B-FE0A-415F-AA9F1E5C0456}"
EndProject
Project("{FAE04EC0-301F-11D3-BF4B-00C04F79EFBC}") = "Sample.Api", "Sample\ShoppingListSample\Sample.Api\Sample.Api.csproj", "{0039D6A2-3124-4C6D-B7E8-62B5ECF04324}"
EndProject
Project("{FAE04EC0-301F-11D3-BF4B-00C04F79EFBC}") = "Sample.Host.App", "Sample\ShoppingListSample\Sample.Host.App\Sample.Host.App.csproj", "{A569EA89-6701-4DA2-BA69-D8706C88361F}"
EndProject
Project("{FAE04EC0-301F-11D3-BF4B-00C04F79EFBC}") = "Sample.Database", "Sample\ShoppingListSample\Sample.Database\Sample.Database.csproj", "{C5955508-61AB-4BE2-B1C4-74D6E4E7BEB6}"
EndProject
Project("{FAE04EC0-301F-11D3-BF4B-00C04F79EFBC}") = "Sample.Shared", "Sample\ShoppingListSample\Sample.Shared\Sample.Shared.csproj", "{BFC23C95-DF02-45D6-BFEC-400AB5E7F84C}"
EndProject
Project("{FAE04EC0-301F-11D3-BF4B-00C04F79EFBC}") = "Sample.Host", "Sample\ShoppingListSample\Sample.Host\Sample.Host.csproj", "{5C1DBDC7-A5AA-48EF-89CB-8FB27B9B1B40}"
EndProject
Project("{FAE04EC0-301F-11D3-BF4B-00C04F79EFBC}") = "Sample.LoadTest", "Sample\ShoppingListSample\Sample.LoadTest\Sample.LoadTest.csproj", "{65B69547-4E20-43B1-9BA9-567EB3F03078}"
EndProject
Project("{FAE04EC0-301F-11D3-BF4B-00C04F79EFBC}") = "ToDo.EventStoreEfApi.Tests", "Sample\ToDo.EventStoreEfApi.Tests\ToDo.EventStoreEfApi.Tests.csproj", "{34DCC82A-8D21-4172-844D-87DA370F9B93}"
EndProject
Project("{FAE04EC0-301F-11D3-BF4B-00C04F79EFBC}") = "ToDo.EventStoreEfApi", "Sample\ToDo.EventStoreEfApi\ToDo.EventStoreEfApi.csproj", "{B034D49F-7206-44D8-9657-A5BADD017AC0}"
EndProject
Project("{2150E333-8FDC-42A3-9474-1A3956D46DE8}") = "Stores", "Stores", "{20D5A07B-7992-38A5-EDB0-7405B672CA22}"
EndProject
Project("{FAE04EC0-301F-11D3-BF4B-00C04F79EFBC}") = "Troolio.Extensions.Tests", "Stores\Troolio.Extensions.Tests\Troolio.Extensions.Tests.csproj", "{B5C559A7-2E15-4773-9718-E4E0AECD0CA9}"
EndProject
Project("{FAE04EC0-301F-11D3-BF4B-00C04F79EFBC}") = "Troolio.Stores.EventStore", "Stores\Troolio.Stores.EventStore\Troolio.Stores.EventStore.csproj", "{2B6499CB-ED89-4E59-AA18-F9C0D63C38F6}"
EndProject
Project("{FAE04EC0-301F-11D3-BF4B-00C04F79EFBC}") = "Troolio.Stores.Marten", "Stores\Troolio.Stores.Marten\Troolio.Stores.Marten.csproj", "{27547DF1-5351-4B65-918C-50F22A3206D0}"
EndProject
Project("{FAE04EC0-301F-11D3-BF4B-00C04F79EFBC}") = "Tests", "Tests\Tests.csproj", "{46E2EB01-C941-4D99-8B9D-5D6FC51D1EB3}"
EndProject
Project("{FAE04EC0-301F-11D3-BF4B-00C04F79EFBC}") = "Troolio.Projection.Redis", "Troolio.Projection.Redis\Troolio.Projection.Redis.csproj", "{D0998274-6931-4A82-A497-F500419E5C1A}"
EndProject
Global
	GlobalSection(SolutionConfigurationPlatforms) = preSolution
		Debug|Any CPU = Debug|Any CPU
		Debug|x64 = Debug|x64
		Debug|x86 = Debug|x86
		Release|Any CPU = Release|Any CPU
		Release|x64 = Release|x64
		Release|x86 = Release|x86
	EndGlobalSection
	GlobalSection(ProjectConfigurationPlatforms) = postSolution
		{073B9028-4484-4F1E-9862-35EB7ECCAE53}.Debug|Any CPU.ActiveCfg = Debug|Any CPU
		{073B9028-4484-4F1E-9862-35EB7ECCAE53}.Debug|Any CPU.Build.0 = Debug|Any CPU
		{073B9028-4484-4F1E-9862-35EB7ECCAE53}.Debug|x64.ActiveCfg = Debug|Any CPU
		{073B9028-4484-4F1E-9862-35EB7ECCAE53}.Debug|x64.Build.0 = Debug|Any CPU
		{073B9028-4484-4F1E-9862-35EB7ECCAE53}.Debug|x86.ActiveCfg = Debug|Any CPU
		{073B9028-4484-4F1E-9862-35EB7ECCAE53}.Debug|x86.Build.0 = Debug|Any CPU
		{073B9028-4484-4F1E-9862-35EB7ECCAE53}.Release|Any CPU.ActiveCfg = Release|Any CPU
		{073B9028-4484-4F1E-9862-35EB7ECCAE53}.Release|Any CPU.Build.0 = Release|Any CPU
		{073B9028-4484-4F1E-9862-35EB7ECCAE53}.Release|x64.ActiveCfg = Release|Any CPU
		{073B9028-4484-4F1E-9862-35EB7ECCAE53}.Release|x64.Build.0 = Release|Any CPU
		{073B9028-4484-4F1E-9862-35EB7ECCAE53}.Release|x86.ActiveCfg = Release|Any CPU
		{073B9028-4484-4F1E-9862-35EB7ECCAE53}.Release|x86.Build.0 = Release|Any CPU
		{403B30FA-1369-48D8-96E9-563EED0DDF6C}.Debug|Any CPU.ActiveCfg = Debug|Any CPU
		{403B30FA-1369-48D8-96E9-563EED0DDF6C}.Debug|Any CPU.Build.0 = Debug|Any CPU
		{403B30FA-1369-48D8-96E9-563EED0DDF6C}.Debug|x64.ActiveCfg = Debug|Any CPU
		{403B30FA-1369-48D8-96E9-563EED0DDF6C}.Debug|x64.Build.0 = Debug|Any CPU
		{403B30FA-1369-48D8-96E9-563EED0DDF6C}.Debug|x86.ActiveCfg = Debug|Any CPU
		{403B30FA-1369-48D8-96E9-563EED0DDF6C}.Debug|x86.Build.0 = Debug|Any CPU
		{403B30FA-1369-48D8-96E9-563EED0DDF6C}.Release|Any CPU.ActiveCfg = Release|Any CPU
		{403B30FA-1369-48D8-96E9-563EED0DDF6C}.Release|Any CPU.Build.0 = Release|Any CPU
		{403B30FA-1369-48D8-96E9-563EED0DDF6C}.Release|x64.ActiveCfg = Release|Any CPU
		{403B30FA-1369-48D8-96E9-563EED0DDF6C}.Release|x64.Build.0 = Release|Any CPU
		{403B30FA-1369-48D8-96E9-563EED0DDF6C}.Release|x86.ActiveCfg = Release|Any CPU
		{403B30FA-1369-48D8-96E9-563EED0DDF6C}.Release|x86.Build.0 = Release|Any CPU
		{D765B415-9806-4EB8-AA23-D234C7F7A710}.Debug|Any CPU.ActiveCfg = Debug|Any CPU
		{D765B415-9806-4EB8-AA23-D234C7F7A710}.Debug|Any CPU.Build.0 = Debug|Any CPU
		{D765B415-9806-4EB8-AA23-D234C7F7A710}.Debug|x64.ActiveCfg = Debug|Any CPU
		{D765B415-9806-4EB8-AA23-D234C7F7A710}.Debug|x64.Build.0 = Debug|Any CPU
		{D765B415-9806-4EB8-AA23-D234C7F7A710}.Debug|x86.ActiveCfg = Debug|Any CPU
		{D765B415-9806-4EB8-AA23-D234C7F7A710}.Debug|x86.Build.0 = Debug|Any CPU
		{D765B415-9806-4EB8-AA23-D234C7F7A710}.Release|Any CPU.ActiveCfg = Release|Any CPU
		{D765B415-9806-4EB8-AA23-D234C7F7A710}.Release|Any CPU.Build.0 = Release|Any CPU
		{D765B415-9806-4EB8-AA23-D234C7F7A710}.Release|x64.ActiveCfg = Release|Any CPU
		{D765B415-9806-4EB8-AA23-D234C7F7A710}.Release|x64.Build.0 = Release|Any CPU
		{D765B415-9806-4EB8-AA23-D234C7F7A710}.Release|x86.ActiveCfg = Release|Any CPU
		{D765B415-9806-4EB8-AA23-D234C7F7A710}.Release|x86.Build.0 = Release|Any CPU
		{1C48530D-C4CA-430A-8237-24BA96E6969D}.Debug|Any CPU.ActiveCfg = Debug|Any CPU
		{1C48530D-C4CA-430A-8237-24BA96E6969D}.Debug|Any CPU.Build.0 = Debug|Any CPU
		{1C48530D-C4CA-430A-8237-24BA96E6969D}.Debug|x64.ActiveCfg = Debug|Any CPU
		{1C48530D-C4CA-430A-8237-24BA96E6969D}.Debug|x64.Build.0 = Debug|Any CPU
		{1C48530D-C4CA-430A-8237-24BA96E6969D}.Debug|x86.ActiveCfg = Debug|Any CPU
		{1C48530D-C4CA-430A-8237-24BA96E6969D}.Debug|x86.Build.0 = Debug|Any CPU
		{1C48530D-C4CA-430A-8237-24BA96E6969D}.Release|Any CPU.ActiveCfg = Release|Any CPU
		{1C48530D-C4CA-430A-8237-24BA96E6969D}.Release|Any CPU.Build.0 = Release|Any CPU
		{1C48530D-C4CA-430A-8237-24BA96E6969D}.Release|x64.ActiveCfg = Release|Any CPU
		{1C48530D-C4CA-430A-8237-24BA96E6969D}.Release|x64.Build.0 = Release|Any CPU
		{1C48530D-C4CA-430A-8237-24BA96E6969D}.Release|x86.ActiveCfg = Release|Any CPU
		{1C48530D-C4CA-430A-8237-24BA96E6969D}.Release|x86.Build.0 = Release|Any CPU
		{0039D6A2-3124-4C6D-B7E8-62B5ECF04324}.Debug|Any CPU.ActiveCfg = Debug|Any CPU
		{0039D6A2-3124-4C6D-B7E8-62B5ECF04324}.Debug|Any CPU.Build.0 = Debug|Any CPU
		{0039D6A2-3124-4C6D-B7E8-62B5ECF04324}.Debug|x64.ActiveCfg = Debug|Any CPU
		{0039D6A2-3124-4C6D-B7E8-62B5ECF04324}.Debug|x64.Build.0 = Debug|Any CPU
		{0039D6A2-3124-4C6D-B7E8-62B5ECF04324}.Debug|x86.ActiveCfg = Debug|Any CPU
		{0039D6A2-3124-4C6D-B7E8-62B5ECF04324}.Debug|x86.Build.0 = Debug|Any CPU
		{0039D6A2-3124-4C6D-B7E8-62B5ECF04324}.Release|Any CPU.ActiveCfg = Release|Any CPU
		{0039D6A2-3124-4C6D-B7E8-62B5ECF04324}.Release|Any CPU.Build.0 = Release|Any CPU
		{0039D6A2-3124-4C6D-B7E8-62B5ECF04324}.Release|x64.ActiveCfg = Release|Any CPU
		{0039D6A2-3124-4C6D-B7E8-62B5ECF04324}.Release|x64.Build.0 = Release|Any CPU
		{0039D6A2-3124-4C6D-B7E8-62B5ECF04324}.Release|x86.ActiveCfg = Release|Any CPU
		{0039D6A2-3124-4C6D-B7E8-62B5ECF04324}.Release|x86.Build.0 = Release|Any CPU
		{A569EA89-6701-4DA2-BA69-D8706C88361F}.Debug|Any CPU.ActiveCfg = Debug|Any CPU
		{A569EA89-6701-4DA2-BA69-D8706C88361F}.Debug|Any CPU.Build.0 = Debug|Any CPU
		{A569EA89-6701-4DA2-BA69-D8706C88361F}.Debug|x64.ActiveCfg = Debug|Any CPU
		{A569EA89-6701-4DA2-BA69-D8706C88361F}.Debug|x64.Build.0 = Debug|Any CPU
		{A569EA89-6701-4DA2-BA69-D8706C88361F}.Debug|x86.ActiveCfg = Debug|Any CPU
		{A569EA89-6701-4DA2-BA69-D8706C88361F}.Debug|x86.Build.0 = Debug|Any CPU
		{A569EA89-6701-4DA2-BA69-D8706C88361F}.Release|Any CPU.ActiveCfg = Release|Any CPU
		{A569EA89-6701-4DA2-BA69-D8706C88361F}.Release|Any CPU.Build.0 = Release|Any CPU
		{A569EA89-6701-4DA2-BA69-D8706C88361F}.Release|x64.ActiveCfg = Release|Any CPU
		{A569EA89-6701-4DA2-BA69-D8706C88361F}.Release|x64.Build.0 = Release|Any CPU
		{A569EA89-6701-4DA2-BA69-D8706C88361F}.Release|x86.ActiveCfg = Release|Any CPU
		{A569EA89-6701-4DA2-BA69-D8706C88361F}.Release|x86.Build.0 = Release|Any CPU
		{C5955508-61AB-4BE2-B1C4-74D6E4E7BEB6}.Debug|Any CPU.ActiveCfg = Debug|Any CPU
		{C5955508-61AB-4BE2-B1C4-74D6E4E7BEB6}.Debug|Any CPU.Build.0 = Debug|Any CPU
		{C5955508-61AB-4BE2-B1C4-74D6E4E7BEB6}.Debug|x64.ActiveCfg = Debug|Any CPU
		{C5955508-61AB-4BE2-B1C4-74D6E4E7BEB6}.Debug|x64.Build.0 = Debug|Any CPU
		{C5955508-61AB-4BE2-B1C4-74D6E4E7BEB6}.Debug|x86.ActiveCfg = Debug|Any CPU
		{C5955508-61AB-4BE2-B1C4-74D6E4E7BEB6}.Debug|x86.Build.0 = Debug|Any CPU
		{C5955508-61AB-4BE2-B1C4-74D6E4E7BEB6}.Release|Any CPU.ActiveCfg = Release|Any CPU
		{C5955508-61AB-4BE2-B1C4-74D6E4E7BEB6}.Release|Any CPU.Build.0 = Release|Any CPU
		{C5955508-61AB-4BE2-B1C4-74D6E4E7BEB6}.Release|x64.ActiveCfg = Release|Any CPU
		{C5955508-61AB-4BE2-B1C4-74D6E4E7BEB6}.Release|x64.Build.0 = Release|Any CPU
		{C5955508-61AB-4BE2-B1C4-74D6E4E7BEB6}.Release|x86.ActiveCfg = Release|Any CPU
		{C5955508-61AB-4BE2-B1C4-74D6E4E7BEB6}.Release|x86.Build.0 = Release|Any CPU
		{BFC23C95-DF02-45D6-BFEC-400AB5E7F84C}.Debug|Any CPU.ActiveCfg = Debug|Any CPU
		{BFC23C95-DF02-45D6-BFEC-400AB5E7F84C}.Debug|Any CPU.Build.0 = Debug|Any CPU
		{BFC23C95-DF02-45D6-BFEC-400AB5E7F84C}.Debug|x64.ActiveCfg = Debug|Any CPU
		{BFC23C95-DF02-45D6-BFEC-400AB5E7F84C}.Debug|x64.Build.0 = Debug|Any CPU
		{BFC23C95-DF02-45D6-BFEC-400AB5E7F84C}.Debug|x86.ActiveCfg = Debug|Any CPU
		{BFC23C95-DF02-45D6-BFEC-400AB5E7F84C}.Debug|x86.Build.0 = Debug|Any CPU
		{BFC23C95-DF02-45D6-BFEC-400AB5E7F84C}.Release|Any CPU.ActiveCfg = Release|Any CPU
		{BFC23C95-DF02-45D6-BFEC-400AB5E7F84C}.Release|Any CPU.Build.0 = Release|Any CPU
		{BFC23C95-DF02-45D6-BFEC-400AB5E7F84C}.Release|x64.ActiveCfg = Release|Any CPU
		{BFC23C95-DF02-45D6-BFEC-400AB5E7F84C}.Release|x64.Build.0 = Release|Any CPU
		{BFC23C95-DF02-45D6-BFEC-400AB5E7F84C}.Release|x86.ActiveCfg = Release|Any CPU
		{BFC23C95-DF02-45D6-BFEC-400AB5E7F84C}.Release|x86.Build.0 = Release|Any CPU
		{5C1DBDC7-A5AA-48EF-89CB-8FB27B9B1B40}.Debug|Any CPU.ActiveCfg = Debug|Any CPU
		{5C1DBDC7-A5AA-48EF-89CB-8FB27B9B1B40}.Debug|Any CPU.Build.0 = Debug|Any CPU
		{5C1DBDC7-A5AA-48EF-89CB-8FB27B9B1B40}.Debug|x64.ActiveCfg = Debug|Any CPU
		{5C1DBDC7-A5AA-48EF-89CB-8FB27B9B1B40}.Debug|x64.Build.0 = Debug|Any CPU
		{5C1DBDC7-A5AA-48EF-89CB-8FB27B9B1B40}.Debug|x86.ActiveCfg = Debug|Any CPU
		{5C1DBDC7-A5AA-48EF-89CB-8FB27B9B1B40}.Debug|x86.Build.0 = Debug|Any CPU
		{5C1DBDC7-A5AA-48EF-89CB-8FB27B9B1B40}.Release|Any CPU.ActiveCfg = Release|Any CPU
		{5C1DBDC7-A5AA-48EF-89CB-8FB27B9B1B40}.Release|Any CPU.Build.0 = Release|Any CPU
		{5C1DBDC7-A5AA-48EF-89CB-8FB27B9B1B40}.Release|x64.ActiveCfg = Release|Any CPU
		{5C1DBDC7-A5AA-48EF-89CB-8FB27B9B1B40}.Release|x64.Build.0 = Release|Any CPU
		{5C1DBDC7-A5AA-48EF-89CB-8FB27B9B1B40}.Release|x86.ActiveCfg = Release|Any CPU
		{5C1DBDC7-A5AA-48EF-89CB-8FB27B9B1B40}.Release|x86.Build.0 = Release|Any CPU
		{65B69547-4E20-43B1-9BA9-567EB3F03078}.Debug|Any CPU.ActiveCfg = Debug|Any CPU
		{65B69547-4E20-43B1-9BA9-567EB3F03078}.Debug|Any CPU.Build.0 = Debug|Any CPU
		{65B69547-4E20-43B1-9BA9-567EB3F03078}.Debug|x64.ActiveCfg = Debug|Any CPU
		{65B69547-4E20-43B1-9BA9-567EB3F03078}.Debug|x64.Build.0 = Debug|Any CPU
		{65B69547-4E20-43B1-9BA9-567EB3F03078}.Debug|x86.ActiveCfg = Debug|Any CPU
		{65B69547-4E20-43B1-9BA9-567EB3F03078}.Debug|x86.Build.0 = Debug|Any CPU
		{65B69547-4E20-43B1-9BA9-567EB3F03078}.Release|Any CPU.ActiveCfg = Release|Any CPU
		{65B69547-4E20-43B1-9BA9-567EB3F03078}.Release|Any CPU.Build.0 = Release|Any CPU
		{65B69547-4E20-43B1-9BA9-567EB3F03078}.Release|x64.ActiveCfg = Release|Any CPU
		{65B69547-4E20-43B1-9BA9-567EB3F03078}.Release|x64.Build.0 = Release|Any CPU
		{65B69547-4E20-43B1-9BA9-567EB3F03078}.Release|x86.ActiveCfg = Release|Any CPU
		{65B69547-4E20-43B1-9BA9-567EB3F03078}.Release|x86.Build.0 = Release|Any CPU
		{34DCC82A-8D21-4172-844D-87DA370F9B93}.Debug|Any CPU.ActiveCfg = Debug|Any CPU
		{34DCC82A-8D21-4172-844D-87DA370F9B93}.Debug|Any CPU.Build.0 = Debug|Any CPU
		{34DCC82A-8D21-4172-844D-87DA370F9B93}.Debug|x64.ActiveCfg = Debug|Any CPU
		{34DCC82A-8D21-4172-844D-87DA370F9B93}.Debug|x64.Build.0 = Debug|Any CPU
		{34DCC82A-8D21-4172-844D-87DA370F9B93}.Debug|x86.ActiveCfg = Debug|Any CPU
		{34DCC82A-8D21-4172-844D-87DA370F9B93}.Debug|x86.Build.0 = Debug|Any CPU
		{34DCC82A-8D21-4172-844D-87DA370F9B93}.Release|Any CPU.ActiveCfg = Release|Any CPU
		{34DCC82A-8D21-4172-844D-87DA370F9B93}.Release|Any CPU.Build.0 = Release|Any CPU
		{34DCC82A-8D21-4172-844D-87DA370F9B93}.Release|x64.ActiveCfg = Release|Any CPU
		{34DCC82A-8D21-4172-844D-87DA370F9B93}.Release|x64.Build.0 = Release|Any CPU
		{34DCC82A-8D21-4172-844D-87DA370F9B93}.Release|x86.ActiveCfg = Release|Any CPU
		{34DCC82A-8D21-4172-844D-87DA370F9B93}.Release|x86.Build.0 = Release|Any CPU
		{B034D49F-7206-44D8-9657-A5BADD017AC0}.Debug|Any CPU.ActiveCfg = Debug|Any CPU
		{B034D49F-7206-44D8-9657-A5BADD017AC0}.Debug|Any CPU.Build.0 = Debug|Any CPU
		{B034D49F-7206-44D8-9657-A5BADD017AC0}.Debug|x64.ActiveCfg = Debug|Any CPU
		{B034D49F-7206-44D8-9657-A5BADD017AC0}.Debug|x64.Build.0 = Debug|Any CPU
		{B034D49F-7206-44D8-9657-A5BADD017AC0}.Debug|x86.ActiveCfg = Debug|Any CPU
		{B034D49F-7206-44D8-9657-A5BADD017AC0}.Debug|x86.Build.0 = Debug|Any CPU
		{B034D49F-7206-44D8-9657-A5BADD017AC0}.Release|Any CPU.ActiveCfg = Release|Any CPU
		{B034D49F-7206-44D8-9657-A5BADD017AC0}.Release|Any CPU.Build.0 = Release|Any CPU
		{B034D49F-7206-44D8-9657-A5BADD017AC0}.Release|x64.ActiveCfg = Release|Any CPU
		{B034D49F-7206-44D8-9657-A5BADD017AC0}.Release|x64.Build.0 = Release|Any CPU
		{B034D49F-7206-44D8-9657-A5BADD017AC0}.Release|x86.ActiveCfg = Release|Any CPU
		{B034D49F-7206-44D8-9657-A5BADD017AC0}.Release|x86.Build.0 = Release|Any CPU
		{B5C559A7-2E15-4773-9718-E4E0AECD0CA9}.Debug|Any CPU.ActiveCfg = Debug|Any CPU
		{B5C559A7-2E15-4773-9718-E4E0AECD0CA9}.Debug|Any CPU.Build.0 = Debug|Any CPU
		{B5C559A7-2E15-4773-9718-E4E0AECD0CA9}.Debug|x64.ActiveCfg = Debug|Any CPU
		{B5C559A7-2E15-4773-9718-E4E0AECD0CA9}.Debug|x64.Build.0 = Debug|Any CPU
		{B5C559A7-2E15-4773-9718-E4E0AECD0CA9}.Debug|x86.ActiveCfg = Debug|Any CPU
		{B5C559A7-2E15-4773-9718-E4E0AECD0CA9}.Debug|x86.Build.0 = Debug|Any CPU
		{B5C559A7-2E15-4773-9718-E4E0AECD0CA9}.Release|Any CPU.ActiveCfg = Release|Any CPU
		{B5C559A7-2E15-4773-9718-E4E0AECD0CA9}.Release|Any CPU.Build.0 = Release|Any CPU
		{B5C559A7-2E15-4773-9718-E4E0AECD0CA9}.Release|x64.ActiveCfg = Release|Any CPU
		{B5C559A7-2E15-4773-9718-E4E0AECD0CA9}.Release|x64.Build.0 = Release|Any CPU
		{B5C559A7-2E15-4773-9718-E4E0AECD0CA9}.Release|x86.ActiveCfg = Release|Any CPU
		{B5C559A7-2E15-4773-9718-E4E0AECD0CA9}.Release|x86.Build.0 = Release|Any CPU
		{2B6499CB-ED89-4E59-AA18-F9C0D63C38F6}.Debug|Any CPU.ActiveCfg = Debug|Any CPU
		{2B6499CB-ED89-4E59-AA18-F9C0D63C38F6}.Debug|Any CPU.Build.0 = Debug|Any CPU
		{2B6499CB-ED89-4E59-AA18-F9C0D63C38F6}.Debug|x64.ActiveCfg = Debug|Any CPU
		{2B6499CB-ED89-4E59-AA18-F9C0D63C38F6}.Debug|x64.Build.0 = Debug|Any CPU
		{2B6499CB-ED89-4E59-AA18-F9C0D63C38F6}.Debug|x86.ActiveCfg = Debug|Any CPU
		{2B6499CB-ED89-4E59-AA18-F9C0D63C38F6}.Debug|x86.Build.0 = Debug|Any CPU
		{2B6499CB-ED89-4E59-AA18-F9C0D63C38F6}.Release|Any CPU.ActiveCfg = Release|Any CPU
		{2B6499CB-ED89-4E59-AA18-F9C0D63C38F6}.Release|Any CPU.Build.0 = Release|Any CPU
		{2B6499CB-ED89-4E59-AA18-F9C0D63C38F6}.Release|x64.ActiveCfg = Release|Any CPU
		{2B6499CB-ED89-4E59-AA18-F9C0D63C38F6}.Release|x64.Build.0 = Release|Any CPU
		{2B6499CB-ED89-4E59-AA18-F9C0D63C38F6}.Release|x86.ActiveCfg = Release|Any CPU
		{2B6499CB-ED89-4E59-AA18-F9C0D63C38F6}.Release|x86.Build.0 = Release|Any CPU
		{27547DF1-5351-4B65-918C-50F22A3206D0}.Debug|Any CPU.ActiveCfg = Debug|Any CPU
		{27547DF1-5351-4B65-918C-50F22A3206D0}.Debug|Any CPU.Build.0 = Debug|Any CPU
		{27547DF1-5351-4B65-918C-50F22A3206D0}.Debug|x64.ActiveCfg = Debug|Any CPU
		{27547DF1-5351-4B65-918C-50F22A3206D0}.Debug|x64.Build.0 = Debug|Any CPU
		{27547DF1-5351-4B65-918C-50F22A3206D0}.Debug|x86.ActiveCfg = Debug|Any CPU
		{27547DF1-5351-4B65-918C-50F22A3206D0}.Debug|x86.Build.0 = Debug|Any CPU
		{27547DF1-5351-4B65-918C-50F22A3206D0}.Release|Any CPU.ActiveCfg = Release|Any CPU
		{27547DF1-5351-4B65-918C-50F22A3206D0}.Release|Any CPU.Build.0 = Release|Any CPU
		{27547DF1-5351-4B65-918C-50F22A3206D0}.Release|x64.ActiveCfg = Release|Any CPU
		{27547DF1-5351-4B65-918C-50F22A3206D0}.Release|x64.Build.0 = Release|Any CPU
		{27547DF1-5351-4B65-918C-50F22A3206D0}.Release|x86.ActiveCfg = Release|Any CPU
		{27547DF1-5351-4B65-918C-50F22A3206D0}.Release|x86.Build.0 = Release|Any CPU
		{46E2EB01-C941-4D99-8B9D-5D6FC51D1EB3}.Debug|Any CPU.ActiveCfg = Debug|Any CPU
		{46E2EB01-C941-4D99-8B9D-5D6FC51D1EB3}.Debug|Any CPU.Build.0 = Debug|Any CPU
		{46E2EB01-C941-4D99-8B9D-5D6FC51D1EB3}.Debug|x64.ActiveCfg = Debug|Any CPU
		{46E2EB01-C941-4D99-8B9D-5D6FC51D1EB3}.Debug|x64.Build.0 = Debug|Any CPU
		{46E2EB01-C941-4D99-8B9D-5D6FC51D1EB3}.Debug|x86.ActiveCfg = Debug|Any CPU
		{46E2EB01-C941-4D99-8B9D-5D6FC51D1EB3}.Debug|x86.Build.0 = Debug|Any CPU
		{46E2EB01-C941-4D99-8B9D-5D6FC51D1EB3}.Release|Any CPU.ActiveCfg = Release|Any CPU
		{46E2EB01-C941-4D99-8B9D-5D6FC51D1EB3}.Release|Any CPU.Build.0 = Release|Any CPU
		{46E2EB01-C941-4D99-8B9D-5D6FC51D1EB3}.Release|x64.ActiveCfg = Release|Any CPU
		{46E2EB01-C941-4D99-8B9D-5D6FC51D1EB3}.Release|x64.Build.0 = Release|Any CPU
		{46E2EB01-C941-4D99-8B9D-5D6FC51D1EB3}.Release|x86.ActiveCfg = Release|Any CPU
		{46E2EB01-C941-4D99-8B9D-5D6FC51D1EB3}.Release|x86.Build.0 = Release|Any CPU
		{D0998274-6931-4A82-A497-F500419E5C1A}.Debug|Any CPU.ActiveCfg = Debug|Any CPU
		{D0998274-6931-4A82-A497-F500419E5C1A}.Debug|Any CPU.Build.0 = Debug|Any CPU
		{D0998274-6931-4A82-A497-F500419E5C1A}.Debug|x64.ActiveCfg = Debug|Any CPU
		{D0998274-6931-4A82-A497-F500419E5C1A}.Debug|x64.Build.0 = Debug|Any CPU
		{D0998274-6931-4A82-A497-F500419E5C1A}.Debug|x86.ActiveCfg = Debug|Any CPU
		{D0998274-6931-4A82-A497-F500419E5C1A}.Debug|x86.Build.0 = Debug|Any CPU
		{D0998274-6931-4A82-A497-F500419E5C1A}.Release|Any CPU.ActiveCfg = Release|Any CPU
		{D0998274-6931-4A82-A497-F500419E5C1A}.Release|Any CPU.Build.0 = Release|Any CPU
		{D0998274-6931-4A82-A497-F500419E5C1A}.Release|x64.ActiveCfg = Release|Any CPU
		{D0998274-6931-4A82-A497-F500419E5C1A}.Release|x64.Build.0 = Release|Any CPU
		{D0998274-6931-4A82-A497-F500419E5C1A}.Release|x86.ActiveCfg = Release|Any CPU
		{D0998274-6931-4A82-A497-F500419E5C1A}.Release|x86.Build.0 = Release|Any CPU
	EndGlobalSection
	GlobalSection(SolutionProperties) = preSolution
		HideSolutionNode = FALSE
	EndGlobalSection
	GlobalSection(NestedProjects) = preSolution
		{073B9028-4484-4F1E-9862-35EB7ECCAE53} = {D677B45E-246A-9DFA-8538-DA0DA0BB237B}
		{403B30FA-1369-48D8-96E9-563EED0DDF6C} = {4F9DEAE5-078F-E77A-2E4A-FEB6FFE226FF}
		{D765B415-9806-4EB8-AA23-D234C7F7A710} = {4F9DEAE5-078F-E77A-2E4A-FEB6FFE226FF}
		{1C48530D-C4CA-430A-8237-24BA96E6969D} = {4F9DEAE5-078F-E77A-2E4A-FEB6FFE226FF}
		{D3006278-A26B-FE0A-415F-AA9F1E5C0456} = {4F9DEAE5-078F-E77A-2E4A-FEB6FFE226FF}
		{0039D6A2-3124-4C6D-B7E8-62B5ECF04324} = {D3006278-A26B-FE0A-415F-AA9F1E5C0456}
		{A569EA89-6701-4DA2-BA69-D8706C88361F} = {D3006278-A26B-FE0A-415F-AA9F1E5C0456}
		{C5955508-61AB-4BE2-B1C4-74D6E4E7BEB6} = {D3006278-A26B-FE0A-415F-AA9F1E5C0456}
		{BFC23C95-DF02-45D6-BFEC-400AB5E7F84C} = {D3006278-A26B-FE0A-415F-AA9F1E5C0456}
		{5C1DBDC7-A5AA-48EF-89CB-8FB27B9B1B40} = {D3006278-A26B-FE0A-415F-AA9F1E5C0456}
		{65B69547-4E20-43B1-9BA9-567EB3F03078} = {D3006278-A26B-FE0A-415F-AA9F1E5C0456}
		{34DCC82A-8D21-4172-844D-87DA370F9B93} = {4F9DEAE5-078F-E77A-2E4A-FEB6FFE226FF}
		{B034D49F-7206-44D8-9657-A5BADD017AC0} = {4F9DEAE5-078F-E77A-2E4A-FEB6FFE226FF}
		{B5C559A7-2E15-4773-9718-E4E0AECD0CA9} = {20D5A07B-7992-38A5-EDB0-7405B672CA22}
		{2B6499CB-ED89-4E59-AA18-F9C0D63C38F6} = {20D5A07B-7992-38A5-EDB0-7405B672CA22}
		{27547DF1-5351-4B65-918C-50F22A3206D0} = {20D5A07B-7992-38A5-EDB0-7405B672CA22}
	EndGlobalSection
EndGlobal
