
Microsoft Visual Studio Solution File, Format Version 12.00
# Visual Studio Version 17
VisualStudioVersion = 17.0.31717.71
MinimumVisualStudioVersion = 10.0.40219.1
Project("{2150E333-8FDC-42A3-9474-1A3956D46DE8}") = "Sample", "Sample", "{5CB93C53-7FE2-4D14-9B2E-8883706495F2}"
EndProject
Project("{2150E333-8FDC-42A3-9474-1A3956D46DE8}") = "ShoppingListSample", "ShoppingListSample", "{89409134-C4D3-40F1-B980-19B77780D0AB}"
EndProject
Project("{9A19103F-16F7-4668-BE54-9A1E7A4F7556}") = "Sample.Shared", "Sample\ShoppingListSample\Sample.Shared\Sample.Shared.csproj", "{F0A1E717-BAA9-4F55-AAD8-9853087C8166}"
EndProject
Project("{9A19103F-16F7-4668-BE54-9A1E7A4F7556}") = "Sample.Host.App", "Sample\ShoppingListSample\Sample.Host.App\Sample.Host.App.csproj", "{B3243B2E-D007-4DCC-B405-3CEC376DE4A0}"
EndProject
Project("{9A19103F-16F7-4668-BE54-9A1E7A4F7556}") = "Sample.Host", "Sample\ShoppingListSample\Sample.Host\Sample.Host.csproj", "{49D2B04C-49EC-48FF-A887-3F2617251CE9}"
EndProject
Project("{E53339B2-1760-4266-BCC7-CA923CBCF16C}") = "docker-compose", "Sample\ShoppingListSample\docker-compose.dcproj", "{A4FBC061-8DE7-4F3B-AD0C-B0D92DE37D25}"
EndProject
Project("{9A19103F-16F7-4668-BE54-9A1E7A4F7556}") = "Sample.Api", "Sample\ShoppingListSample\Sample.Api\Sample.Api.csproj", "{B0342A59-C761-415E-B08E-9AD69BF336FA}"
EndProject
Project("{9A19103F-16F7-4668-BE54-9A1E7A4F7556}") = "Sample.Domain", "Sample\ShoppingListSample\Sample.Domain\Sample.Domain.csproj", "{ACC27214-6FE6-4773-932E-C9FED64DFFC1}"
EndProject
Project("{9A19103F-16F7-4668-BE54-9A1E7A4F7556}") = "Tests", "Tests\Tests.csproj", "{49DBCA53-F78A-452F-91A3-BFF212D07162}"
EndProject
Global
	GlobalSection(SolutionConfigurationPlatforms) = preSolution
		Debug|Any CPU = Debug|Any CPU
		Release|Any CPU = Release|Any CPU
	EndGlobalSection
	GlobalSection(ProjectConfigurationPlatforms) = postSolution
		{F0A1E717-BAA9-4F55-AAD8-9853087C8166}.Debug|Any CPU.ActiveCfg = Debug|Any CPU
		{F0A1E717-BAA9-4F55-AAD8-9853087C8166}.Debug|Any CPU.Build.0 = Debug|Any CPU
		{F0A1E717-BAA9-4F55-AAD8-9853087C8166}.Release|Any CPU.ActiveCfg = Release|Any CPU
		{F0A1E717-BAA9-4F55-AAD8-9853087C8166}.Release|Any CPU.Build.0 = Release|Any CPU
		{B3243B2E-D007-4DCC-B405-3CEC376DE4A0}.Debug|Any CPU.ActiveCfg = Debug|Any CPU
		{B3243B2E-D007-4DCC-B405-3CEC376DE4A0}.Debug|Any CPU.Build.0 = Debug|Any CPU
		{B3243B2E-D007-4DCC-B405-3CEC376DE4A0}.Release|Any CPU.ActiveCfg = Release|Any CPU
		{B3243B2E-D007-4DCC-B405-3CEC376DE4A0}.Release|Any CPU.Build.0 = Release|Any CPU
		{49D2B04C-49EC-48FF-A887-3F2617251CE9}.Debug|Any CPU.ActiveCfg = Debug|Any CPU
		{49D2B04C-49EC-48FF-A887-3F2617251CE9}.Debug|Any CPU.Build.0 = Debug|Any CPU
		{49D2B04C-49EC-48FF-A887-3F2617251CE9}.Release|Any CPU.ActiveCfg = Release|Any CPU
		{49D2B04C-49EC-48FF-A887-3F2617251CE9}.Release|Any CPU.Build.0 = Release|Any CPU
		{A4FBC061-8DE7-4F3B-AD0C-B0D92DE37D25}.Debug|Any CPU.ActiveCfg = Debug|Any CPU
		{A4FBC061-8DE7-4F3B-AD0C-B0D92DE37D25}.Debug|Any CPU.Build.0 = Debug|Any CPU
		{A4FBC061-8DE7-4F3B-AD0C-B0D92DE37D25}.Release|Any CPU.ActiveCfg = Release|Any CPU
		{A4FBC061-8DE7-4F3B-AD0C-B0D92DE37D25}.Release|Any CPU.Build.0 = Release|Any CPU
		{B0342A59-C761-415E-B08E-9AD69BF336FA}.Debug|Any CPU.ActiveCfg = Debug|Any CPU
		{B0342A59-C761-415E-B08E-9AD69BF336FA}.Debug|Any CPU.Build.0 = Debug|Any CPU
		{B0342A59-C761-415E-B08E-9AD69BF336FA}.Release|Any CPU.ActiveCfg = Release|Any CPU
		{B0342A59-C761-415E-B08E-9AD69BF336FA}.Release|Any CPU.Build.0 = Release|Any CPU
		{ACC27214-6FE6-4773-932E-C9FED64DFFC1}.Debug|Any CPU.ActiveCfg = Debug|Any CPU
		{ACC27214-6FE6-4773-932E-C9FED64DFFC1}.Debug|Any CPU.Build.0 = Debug|Any CPU
		{ACC27214-6FE6-4773-932E-C9FED64DFFC1}.Release|Any CPU.ActiveCfg = Release|Any CPU
		{ACC27214-6FE6-4773-932E-C9FED64DFFC1}.Release|Any CPU.Build.0 = Release|Any CPU
		{49DBCA53-F78A-452F-91A3-BFF212D07162}.Debug|Any CPU.ActiveCfg = Debug|Any CPU
		{49DBCA53-F78A-452F-91A3-BFF212D07162}.Debug|Any CPU.Build.0 = Debug|Any CPU
		{49DBCA53-F78A-452F-91A3-BFF212D07162}.Release|Any CPU.ActiveCfg = Release|Any CPU
		{49DBCA53-F78A-452F-91A3-BFF212D07162}.Release|Any CPU.Build.0 = Release|Any CPU
	EndGlobalSection
	GlobalSection(SolutionProperties) = preSolution
		HideSolutionNode = FALSE
	EndGlobalSection
	GlobalSection(NestedProjects) = preSolution
		{89409134-C4D3-40F1-B980-19B77780D0AB} = {5CB93C53-7FE2-4D14-9B2E-8883706495F2}
		{F0A1E717-BAA9-4F55-AAD8-9853087C8166} = {89409134-C4D3-40F1-B980-19B77780D0AB}
		{B3243B2E-D007-4DCC-B405-3CEC376DE4A0} = {89409134-C4D3-40F1-B980-19B77780D0AB}
		{49D2B04C-49EC-48FF-A887-3F2617251CE9} = {89409134-C4D3-40F1-B980-19B77780D0AB}
		{A4FBC061-8DE7-4F3B-AD0C-B0D92DE37D25} = {89409134-C4D3-40F1-B980-19B77780D0AB}
		{B0342A59-C761-415E-B08E-9AD69BF336FA} = {89409134-C4D3-40F1-B980-19B77780D0AB}
		{ACC27214-6FE6-4773-932E-C9FED64DFFC1} = {89409134-C4D3-40F1-B980-19B77780D0AB}
	EndGlobalSection
	GlobalSection(ExtensibilityGlobals) = postSolution
		SolutionGuid = {B4C267E9-6239-451C-85BC-10F0E07F6926}
	EndGlobalSection
EndGlobal
