
Microsoft Visual Studio Solution File, Format Version 12.00
# Visual Studio Version 17
VisualStudioVersion = 17.4.33103.184
MinimumVisualStudioVersion = 10.0.40219.1
Project("{9A19103F-16F7-4668-BE54-9A1E7A4F7556}") = "ShoppingListSample.Shared", "ShoppingListSample.Shared\ShoppingListSample.Shared.csproj", "{972CF989-0767-4CF2-8086-5659B1CA94DC}"
EndProject
Project("{9A19103F-16F7-4668-BE54-9A1E7A4F7556}") = "ShoppingListSample.Api", "ShoppingListSample.Api\ShoppingListSample.Api.csproj", "{E3ADFCE7-81B6-4FD2-ADE1-73E531D45627}"
EndProject
Project("{9A19103F-16F7-4668-BE54-9A1E7A4F7556}") = "ShoppingListSample.Host.App", "ShoppingListSample.Host.App\ShoppingListSample.Host.App.csproj", "{C007BD5F-27AA-408B-B64C-7CF7F32B8269}"
EndProject
Global
	GlobalSection(SolutionConfigurationPlatforms) = preSolution
		Debug|Any CPU = Debug|Any CPU
		Release|Any CPU = Release|Any CPU
	EndGlobalSection
	GlobalSection(ProjectConfigurationPlatforms) = postSolution
		{972CF989-0767-4CF2-8086-5659B1CA94DC}.Debug|Any CPU.ActiveCfg = Debug|Any CPU
		{972CF989-0767-4CF2-8086-5659B1CA94DC}.Debug|Any CPU.Build.0 = Debug|Any CPU
		{972CF989-0767-4CF2-8086-5659B1CA94DC}.Release|Any CPU.ActiveCfg = Release|Any CPU
		{972CF989-0767-4CF2-8086-5659B1CA94DC}.Release|Any CPU.Build.0 = Release|Any CPU
		{E3ADFCE7-81B6-4FD2-ADE1-73E531D45627}.Debug|Any CPU.ActiveCfg = Debug|Any CPU
		{E3ADFCE7-81B6-4FD2-ADE1-73E531D45627}.Debug|Any CPU.Build.0 = Debug|Any CPU
		{E3ADFCE7-81B6-4FD2-ADE1-73E531D45627}.Release|Any CPU.ActiveCfg = Release|Any CPU
		{E3ADFCE7-81B6-4FD2-ADE1-73E531D45627}.Release|Any CPU.Build.0 = Release|Any CPU
		{C007BD5F-27AA-408B-B64C-7CF7F32B8269}.Debug|Any CPU.ActiveCfg = Debug|Any CPU
		{C007BD5F-27AA-408B-B64C-7CF7F32B8269}.Debug|Any CPU.Build.0 = Debug|Any CPU
		{C007BD5F-27AA-408B-B64C-7CF7F32B8269}.Release|Any CPU.ActiveCfg = Release|Any CPU
		{C007BD5F-27AA-408B-B64C-7CF7F32B8269}.Release|Any CPU.Build.0 = Release|Any CPU
	EndGlobalSection
	GlobalSection(SolutionProperties) = preSolution
		HideSolutionNode = FALSE
	EndGlobalSection
	GlobalSection(ExtensibilityGlobals) = postSolution
		SolutionGuid = {51A76DE2-336F-42B2-84D5-BD3332B405A2}
	EndGlobalSection
EndGlobal
